
Microsoft Visual Studio Solution File, Format Version 12.00
# Visual Studio Version 17
VisualStudioVersion = 17.10.34928.147
MinimumVisualStudioVersion = 10.0.40219.1
Project("{FAE04EC0-301F-11D3-BF4B-00C04F79EFBC}") = "TaskTracker.Identity", "TaskTracker.Identity\TaskTracker.Identity.csproj", "{C7FEEE51-0726-462A-9F24-A324D563F6B8}"
EndProject
Global
	GlobalSection(SolutionConfigurationPlatforms) = preSolution
		Debug|Any CPU = Debug|Any CPU
		Release|Any CPU = Release|Any CPU
	EndGlobalSection
	GlobalSection(ProjectConfigurationPlatforms) = postSolution
		{C7FEEE51-0726-462A-9F24-A324D563F6B8}.Debug|Any CPU.ActiveCfg = Debug|Any CPU
		{C7FEEE51-0726-462A-9F24-A324D563F6B8}.Debug|Any CPU.Build.0 = Debug|Any CPU
		{C7FEEE51-0726-462A-9F24-A324D563F6B8}.Release|Any CPU.ActiveCfg = Release|Any CPU
		{C7FEEE51-0726-462A-9F24-A324D563F6B8}.Release|Any CPU.Build.0 = Release|Any CPU
	EndGlobalSection
	GlobalSection(SolutionProperties) = preSolution
		HideSolutionNode = FALSE
	EndGlobalSection
	GlobalSection(ExtensibilityGlobals) = postSolution
		SolutionGuid = {36054A28-81B2-43EE-ABB6-2D7901C3E4A3}
	EndGlobalSection
EndGlobal
